
Microsoft Visual Studio Solution File, Format Version 12.00
# Visual Studio Version 17
VisualStudioVersion = 17.5.33424.131
MinimumVisualStudioVersion = 10.0.40219.1
Project("{9A19103F-16F7-4668-BE54-9A1E7A4F7556}") = "HomeworkEntityFramework", "HomeworkEntityFramework\HomeworkEntityFramework.csproj", "{73B7650F-1FBC-4108-B386-9AD6810BB1FE}"
EndProject
Global
	GlobalSection(SolutionConfigurationPlatforms) = preSolution
		Debug|Any CPU = Debug|Any CPU
		Release|Any CPU = Release|Any CPU
	EndGlobalSection
	GlobalSection(ProjectConfigurationPlatforms) = postSolution
		{73B7650F-1FBC-4108-B386-9AD6810BB1FE}.Debug|Any CPU.ActiveCfg = Debug|Any CPU
		{73B7650F-1FBC-4108-B386-9AD6810BB1FE}.Debug|Any CPU.Build.0 = Debug|Any CPU
		{73B7650F-1FBC-4108-B386-9AD6810BB1FE}.Release|Any CPU.ActiveCfg = Release|Any CPU
		{73B7650F-1FBC-4108-B386-9AD6810BB1FE}.Release|Any CPU.Build.0 = Release|Any CPU
	EndGlobalSection
	GlobalSection(SolutionProperties) = preSolution
		HideSolutionNode = FALSE
	EndGlobalSection
	GlobalSection(ExtensibilityGlobals) = postSolution
		SolutionGuid = {8FE55FDC-E244-4510-A830-48897B452091}
	EndGlobalSection
EndGlobal
